
Microsoft Visual Studio Solution File, Format Version 12.00
# Visual Studio Version 17
VisualStudioVersion = 17.10.34916.146
MinimumVisualStudioVersion = 10.0.40219.1
Project("{9A19103F-16F7-4668-BE54-9A1E7A4F7556}") = "ShipEnhancements", "ShipEnhancements\ShipEnhancements.csproj", "{A336B472-E385-4359-BD7D-27B79401BCE4}"
EndProject
Project("{FAE04EC0-301F-11D3-BF4B-00C04F79EFBC}") = "ShipEnhancementsQSB", "ShipEnhancementsQSB\ShipEnhancementsQSB.csproj", "{9115E5BD-B135-4A41-A087-ACD31D922FD8}"
EndProject
Project("{FAE04EC0-301F-11D3-BF4B-00C04F79EFBC}") = "ShipEnhancementsNH", "ShipEnhancementsNH\ShipEnhancementsNH.csproj", "{8AA4C3E7-FB27-4C08-8EDA-9C9264E19194}"
EndProject
Project("{FAE04EC0-301F-11D3-BF4B-00C04F79EFBC}") = "ShipEnhancementsGE", "ShipEnhancementsGE\ShipEnhancementsGE.csproj", "{3489F1C4-9E91-442B-AE53-3044E6DACD38}"
EndProject
Project("{FAE04EC0-301F-11D3-BF4B-00C04F79EFBC}") = "ShipEnhancements.Generators", "ShipEnhancements.Generators\ShipEnhancements.Generators.csproj", "{585E1326-1E5E-4768-B539-7DEB3CB9871D}"
EndProject
Project("{FAE04EC0-301F-11D3-BF4B-00C04F79EFBC}") = "ShipEnhancements.Generators.Tests", "ShipEnhancements.Generators.Tests\ShipEnhancements.Generators.Tests.csproj", "{342BB14F-BF31-4663-8E07-C8C6E8C27641}"
EndProject
Global
	GlobalSection(SolutionConfigurationPlatforms) = preSolution
		Debug|Any CPU = Debug|Any CPU
		Release|Any CPU = Release|Any CPU
	EndGlobalSection
	GlobalSection(ProjectConfigurationPlatforms) = postSolution
		{A336B472-E385-4359-BD7D-27B79401BCE4}.Debug|Any CPU.ActiveCfg = Debug|Any CPU
		{A336B472-E385-4359-BD7D-27B79401BCE4}.Debug|Any CPU.Build.0 = Debug|Any CPU
		{A336B472-E385-4359-BD7D-27B79401BCE4}.Release|Any CPU.ActiveCfg = Release|Any CPU
		{A336B472-E385-4359-BD7D-27B79401BCE4}.Release|Any CPU.Build.0 = Release|Any CPU
		{9115E5BD-B135-4A41-A087-ACD31D922FD8}.Debug|Any CPU.ActiveCfg = Debug|Any CPU
		{9115E5BD-B135-4A41-A087-ACD31D922FD8}.Debug|Any CPU.Build.0 = Debug|Any CPU
		{9115E5BD-B135-4A41-A087-ACD31D922FD8}.Release|Any CPU.ActiveCfg = Release|Any CPU
		{9115E5BD-B135-4A41-A087-ACD31D922FD8}.Release|Any CPU.Build.0 = Release|Any CPU
		{8AA4C3E7-FB27-4C08-8EDA-9C9264E19194}.Debug|Any CPU.ActiveCfg = Debug|Any CPU
		{8AA4C3E7-FB27-4C08-8EDA-9C9264E19194}.Debug|Any CPU.Build.0 = Debug|Any CPU
		{8AA4C3E7-FB27-4C08-8EDA-9C9264E19194}.Release|Any CPU.ActiveCfg = Release|Any CPU
		{8AA4C3E7-FB27-4C08-8EDA-9C9264E19194}.Release|Any CPU.Build.0 = Release|Any CPU
		{3489F1C4-9E91-442B-AE53-3044E6DACD38}.Debug|Any CPU.ActiveCfg = Debug|Any CPU
		{3489F1C4-9E91-442B-AE53-3044E6DACD38}.Debug|Any CPU.Build.0 = Debug|Any CPU
		{3489F1C4-9E91-442B-AE53-3044E6DACD38}.Release|Any CPU.ActiveCfg = Release|Any CPU
		{3489F1C4-9E91-442B-AE53-3044E6DACD38}.Release|Any CPU.Build.0 = Release|Any CPU
		{585E1326-1E5E-4768-B539-7DEB3CB9871D}.Debug|Any CPU.ActiveCfg = Debug|Any CPU
		{585E1326-1E5E-4768-B539-7DEB3CB9871D}.Debug|Any CPU.Build.0 = Debug|Any CPU
		{585E1326-1E5E-4768-B539-7DEB3CB9871D}.Release|Any CPU.ActiveCfg = Release|Any CPU
		{585E1326-1E5E-4768-B539-7DEB3CB9871D}.Release|Any CPU.Build.0 = Release|Any CPU
		{342BB14F-BF31-4663-8E07-C8C6E8C27641}.Debug|Any CPU.ActiveCfg = Debug|Any CPU
		{342BB14F-BF31-4663-8E07-C8C6E8C27641}.Debug|Any CPU.Build.0 = Debug|Any CPU
		{342BB14F-BF31-4663-8E07-C8C6E8C27641}.Release|Any CPU.ActiveCfg = Release|Any CPU
		{342BB14F-BF31-4663-8E07-C8C6E8C27641}.Release|Any CPU.Build.0 = Release|Any CPU
	EndGlobalSection
	GlobalSection(SolutionProperties) = preSolution
		HideSolutionNode = FALSE
	EndGlobalSection
	GlobalSection(ExtensibilityGlobals) = postSolution
		SolutionGuid = {80E9DF1F-E6B8-4438-838B-C7D657F56C73}
	EndGlobalSection
EndGlobal
